
Microsoft Visual Studio Solution File, Format Version 12.00
# Visual Studio Version 17
VisualStudioVersion = 17.2.32519.379
MinimumVisualStudioVersion = 10.0.40219.1
Project("{FAE04EC0-301F-11D3-BF4B-00C04F79EFBC}") = "Propriedades de classes", "Propriedades de classes\Propriedades de classes.csproj", "{CC9F5AA4-F56B-4542-983E-363C266E0994}"
EndProject
Global
	GlobalSection(SolutionConfigurationPlatforms) = preSolution
		Debug|Any CPU = Debug|Any CPU
		Release|Any CPU = Release|Any CPU
	EndGlobalSection
	GlobalSection(ProjectConfigurationPlatforms) = postSolution
		{CC9F5AA4-F56B-4542-983E-363C266E0994}.Debug|Any CPU.ActiveCfg = Debug|Any CPU
		{CC9F5AA4-F56B-4542-983E-363C266E0994}.Debug|Any CPU.Build.0 = Debug|Any CPU
		{CC9F5AA4-F56B-4542-983E-363C266E0994}.Release|Any CPU.ActiveCfg = Release|Any CPU
		{CC9F5AA4-F56B-4542-983E-363C266E0994}.Release|Any CPU.Build.0 = Release|Any CPU
	EndGlobalSection
	GlobalSection(SolutionProperties) = preSolution
		HideSolutionNode = FALSE
	EndGlobalSection
	GlobalSection(ExtensibilityGlobals) = postSolution
		SolutionGuid = {0C6A957A-2DF1-4B51-BAA6-7374F8EF6BF6}
	EndGlobalSection
EndGlobal
