
Microsoft Visual Studio Solution File, Format Version 12.00
# Visual Studio Version 17
VisualStudioVersion = 17.2.32519.379
MinimumVisualStudioVersion = 10.0.40219.1
Project("{FAE04EC0-301F-11D3-BF4B-00C04F79EFBC}") = "Introducao a programacao orientada a objetos", "Introducao a programacao orientada a objetos\Introducao a programacao orientada a objetos.csproj", "{4DA4CB49-7E4A-4BB1-8508-AE808DF53891}"
EndProject
Global
	GlobalSection(SolutionConfigurationPlatforms) = preSolution
		Debug|Any CPU = Debug|Any CPU
		Release|Any CPU = Release|Any CPU
	EndGlobalSection
	GlobalSection(ProjectConfigurationPlatforms) = postSolution
		{4DA4CB49-7E4A-4BB1-8508-AE808DF53891}.Debug|Any CPU.ActiveCfg = Debug|Any CPU
		{4DA4CB49-7E4A-4BB1-8508-AE808DF53891}.Debug|Any CPU.Build.0 = Debug|Any CPU
		{4DA4CB49-7E4A-4BB1-8508-AE808DF53891}.Release|Any CPU.ActiveCfg = Release|Any CPU
		{4DA4CB49-7E4A-4BB1-8508-AE808DF53891}.Release|Any CPU.Build.0 = Release|Any CPU
	EndGlobalSection
	GlobalSection(SolutionProperties) = preSolution
		HideSolutionNode = FALSE
	EndGlobalSection
	GlobalSection(ExtensibilityGlobals) = postSolution
		SolutionGuid = {E066A3D6-62CC-40A4-AA9C-3B460AF806C0}
	EndGlobalSection
EndGlobal
